// !$*UTF8*$!
{
	archiveVersion = 1;
	classes = {
	};
	objectVersion = 55;
	objects = {

/* Begin PBXBuildFile section */
		4056F53ED5C369F682DC91B3 /* Pods_Bazaar_BazaarUITests.framework in Frameworks */ = {isa = PBXBuildFile; fileRef = 1EB990CCDEE4B8F9B36F9BDC /* Pods_Bazaar_BazaarUITests.framework */; };
		50936CB7276C117B005B75B8 /* IndividualItemDetailsViewController.swift in Sources */ = {isa = PBXBuildFile; fileRef = 50936CB6276C117B005B75B8 /* IndividualItemDetailsViewController.swift */; };
		50FF39B827629F82006C338D /* HomePostCell.swift in Sources */ = {isa = PBXBuildFile; fileRef = 50FF39B727629F82006C338D /* HomePostCell.swift */; };
		6F8EED8F2761AE6300726698 /* ProfileViewController.swift in Sources */ = {isa = PBXBuildFile; fileRef = 6F8EED8E2761AE6300726698 /* ProfileViewController.swift */; };
		6F8EED912761B84C00726698 /* ProfileSettingViewController.swift in Sources */ = {isa = PBXBuildFile; fileRef = 6F8EED902761B84C00726698 /* ProfileSettingViewController.swift */; };
		6F8EED932762AEAC00726698 /* RegisteInfoViewController.swift in Sources */ = {isa = PBXBuildFile; fileRef = 6F8EED922762AEAC00726698 /* RegisteInfoViewController.swift */; };
		6F8EED952762AFB400726698 /* RegisterPhotoViewController.swift in Sources */ = {isa = PBXBuildFile; fileRef = 6F8EED942762AFB400726698 /* RegisterPhotoViewController.swift */; };
		6F8EED972762BE1400726698 /* ProfilePostViewController.swift in Sources */ = {isa = PBXBuildFile; fileRef = 6F8EED962762BE1400726698 /* ProfilePostViewController.swift */; };
		6F8EED9B2762BEEB00726698 /* ProfilePostCell.swift in Sources */ = {isa = PBXBuildFile; fileRef = 6F8EED9A2762BEEB00726698 /* ProfilePostCell.swift */; };
		6F8EED9D2763A6C400726698 /* EditPostViewController.swift in Sources */ = {isa = PBXBuildFile; fileRef = 6F8EED9C2763A6C400726698 /* EditPostViewController.swift */; };
		6FCB2FCA27599CCC0001050D /* HomeViewController.swift in Sources */ = {isa = PBXBuildFile; fileRef = 6FCB2FC927599CCC0001050D /* HomeViewController.swift */; };
		6FCB2FCC2759A1380001050D /* PostViewController.swift in Sources */ = {isa = PBXBuildFile; fileRef = 6FCB2FCB2759A1380001050D /* PostViewController.swift */; };
		B5391EE627496DB6000E5923 /* AppDelegate.swift in Sources */ = {isa = PBXBuildFile; fileRef = B5391EE527496DB6000E5923 /* AppDelegate.swift */; };
		B5391EE827496DB6000E5923 /* SceneDelegate.swift in Sources */ = {isa = PBXBuildFile; fileRef = B5391EE727496DB6000E5923 /* SceneDelegate.swift */; };
		B5391EEA27496DB6000E5923 /* LoginViewController.swift in Sources */ = {isa = PBXBuildFile; fileRef = B5391EE927496DB6000E5923 /* LoginViewController.swift */; };
		B5391EED27496DB6000E5923 /* Main.storyboard in Resources */ = {isa = PBXBuildFile; fileRef = B5391EEB27496DB6000E5923 /* Main.storyboard */; };
		B5391EEF27496DB8000E5923 /* Assets.xcassets in Resources */ = {isa = PBXBuildFile; fileRef = B5391EEE27496DB8000E5923 /* Assets.xcassets */; };
		B5391EF227496DB8000E5923 /* LaunchScreen.storyboard in Resources */ = {isa = PBXBuildFile; fileRef = B5391EF027496DB8000E5923 /* LaunchScreen.storyboard */; };
		B5391EFD27496DB8000E5923 /* BazaarTests.swift in Sources */ = {isa = PBXBuildFile; fileRef = B5391EFC27496DB8000E5923 /* BazaarTests.swift */; };
		B5391F0727496DB8000E5923 /* BazaarUITests.swift in Sources */ = {isa = PBXBuildFile; fileRef = B5391F0627496DB8000E5923 /* BazaarUITests.swift */; };
		B5391F0927496DB8000E5923 /* BazaarUITestsLaunchTests.swift in Sources */ = {isa = PBXBuildFile; fileRef = B5391F0827496DB8000E5923 /* BazaarUITestsLaunchTests.swift */; };
		B6BAAD3ABD7FB8D63C34628D /* Pods_BazaarTests.framework in Frameworks */ = {isa = PBXBuildFile; fileRef = 48E5D966406A14966254D3A8 /* Pods_BazaarTests.framework */; };
		C606678D9E9F1E1AF853FB0F /* Pods_Bazaar.framework in Frameworks */ = {isa = PBXBuildFile; fileRef = E7D0DD76936B6B3EAD227738 /* Pods_Bazaar.framework */; };
/* End PBXBuildFile section */

/* Begin PBXContainerItemProxy section */
		B5391EF927496DB8000E5923 /* PBXContainerItemProxy */ = {
			isa = PBXContainerItemProxy;
			containerPortal = B5391EDA27496DB6000E5923 /* Project object */;
			proxyType = 1;
			remoteGlobalIDString = B5391EE127496DB6000E5923;
			remoteInfo = Bazaar;
		};
		B5391F0327496DB8000E5923 /* PBXContainerItemProxy */ = {
			isa = PBXContainerItemProxy;
			containerPortal = B5391EDA27496DB6000E5923 /* Project object */;
			proxyType = 1;
			remoteGlobalIDString = B5391EE127496DB6000E5923;
			remoteInfo = Bazaar;
		};
/* End PBXContainerItemProxy section */

/* Begin PBXFileReference section */
		159480A0E557CB2E3B827C1D /* Pods-BazaarTests.debug.xcconfig */ = {isa = PBXFileReference; includeInIndex = 1; lastKnownFileType = text.xcconfig; name = "Pods-BazaarTests.debug.xcconfig"; path = "Target Support Files/Pods-BazaarTests/Pods-BazaarTests.debug.xcconfig"; sourceTree = "<group>"; };
		1EB990CCDEE4B8F9B36F9BDC /* Pods_Bazaar_BazaarUITests.framework */ = {isa = PBXFileReference; explicitFileType = wrapper.framework; includeInIndex = 0; path = Pods_Bazaar_BazaarUITests.framework; sourceTree = BUILT_PRODUCTS_DIR; };
		48E5D966406A14966254D3A8 /* Pods_BazaarTests.framework */ = {isa = PBXFileReference; explicitFileType = wrapper.framework; includeInIndex = 0; path = Pods_BazaarTests.framework; sourceTree = BUILT_PRODUCTS_DIR; };
		50936CB6276C117B005B75B8 /* IndividualItemDetailsViewController.swift */ = {isa = PBXFileReference; lastKnownFileType = sourcecode.swift; path = IndividualItemDetailsViewController.swift; sourceTree = "<group>"; };
		50FF39B727629F82006C338D /* HomePostCell.swift */ = {isa = PBXFileReference; lastKnownFileType = sourcecode.swift; path = HomePostCell.swift; sourceTree = "<group>"; };
		5DD997FE4A0321EB52C95A47 /* Pods-Bazaar.release.xcconfig */ = {isa = PBXFileReference; includeInIndex = 1; lastKnownFileType = text.xcconfig; name = "Pods-Bazaar.release.xcconfig"; path = "Target Support Files/Pods-Bazaar/Pods-Bazaar.release.xcconfig"; sourceTree = "<group>"; };
		6F8EED8E2761AE6300726698 /* ProfileViewController.swift */ = {isa = PBXFileReference; lastKnownFileType = sourcecode.swift; path = ProfileViewController.swift; sourceTree = "<group>"; };
		6F8EED902761B84C00726698 /* ProfileSettingViewController.swift */ = {isa = PBXFileReference; lastKnownFileType = sourcecode.swift; path = ProfileSettingViewController.swift; sourceTree = "<group>"; };
		6F8EED922762AEAC00726698 /* RegisteInfoViewController.swift */ = {isa = PBXFileReference; lastKnownFileType = sourcecode.swift; path = RegisteInfoViewController.swift; sourceTree = "<group>"; };
		6F8EED942762AFB400726698 /* RegisterPhotoViewController.swift */ = {isa = PBXFileReference; lastKnownFileType = sourcecode.swift; path = RegisterPhotoViewController.swift; sourceTree = "<group>"; };
		6F8EED962762BE1400726698 /* ProfilePostViewController.swift */ = {isa = PBXFileReference; lastKnownFileType = sourcecode.swift; path = ProfilePostViewController.swift; sourceTree = "<group>"; };
		6F8EED9A2762BEEB00726698 /* ProfilePostCell.swift */ = {isa = PBXFileReference; lastKnownFileType = sourcecode.swift; path = ProfilePostCell.swift; sourceTree = "<group>"; };
		6F8EED9C2763A6C400726698 /* EditPostViewController.swift */ = {isa = PBXFileReference; lastKnownFileType = sourcecode.swift; path = EditPostViewController.swift; sourceTree = "<group>"; };
		6FCB2FC927599CCC0001050D /* HomeViewController.swift */ = {isa = PBXFileReference; lastKnownFileType = sourcecode.swift; path = HomeViewController.swift; sourceTree = "<group>"; };
		6FCB2FCB2759A1380001050D /* PostViewController.swift */ = {isa = PBXFileReference; lastKnownFileType = sourcecode.swift; path = PostViewController.swift; sourceTree = "<group>"; };
		85BA2E80B6D2036BF9974FFE /* Pods-BazaarTests.release.xcconfig */ = {isa = PBXFileReference; includeInIndex = 1; lastKnownFileType = text.xcconfig; name = "Pods-BazaarTests.release.xcconfig"; path = "Target Support Files/Pods-BazaarTests/Pods-BazaarTests.release.xcconfig"; sourceTree = "<group>"; };
		870AE338435D415670DE1D3D /* Pods-Bazaar-BazaarUITests.release.xcconfig */ = {isa = PBXFileReference; includeInIndex = 1; lastKnownFileType = text.xcconfig; name = "Pods-Bazaar-BazaarUITests.release.xcconfig"; path = "Target Support Files/Pods-Bazaar-BazaarUITests/Pods-Bazaar-BazaarUITests.release.xcconfig"; sourceTree = "<group>"; };
		B5391EE227496DB6000E5923 /* Bazaar.app */ = {isa = PBXFileReference; explicitFileType = wrapper.application; includeInIndex = 0; path = Bazaar.app; sourceTree = BUILT_PRODUCTS_DIR; };
		B5391EE527496DB6000E5923 /* AppDelegate.swift */ = {isa = PBXFileReference; lastKnownFileType = sourcecode.swift; path = AppDelegate.swift; sourceTree = "<group>"; };
		B5391EE727496DB6000E5923 /* SceneDelegate.swift */ = {isa = PBXFileReference; lastKnownFileType = sourcecode.swift; path = SceneDelegate.swift; sourceTree = "<group>"; };
		B5391EE927496DB6000E5923 /* LoginViewController.swift */ = {isa = PBXFileReference; lastKnownFileType = sourcecode.swift; path = LoginViewController.swift; sourceTree = "<group>"; };
		B5391EEC27496DB6000E5923 /* Base */ = {isa = PBXFileReference; lastKnownFileType = file.storyboard; name = Base; path = Base.lproj/Main.storyboard; sourceTree = "<group>"; };
		B5391EEE27496DB8000E5923 /* Assets.xcassets */ = {isa = PBXFileReference; lastKnownFileType = folder.assetcatalog; path = Assets.xcassets; sourceTree = "<group>"; };
		B5391EF127496DB8000E5923 /* Base */ = {isa = PBXFileReference; lastKnownFileType = file.storyboard; name = Base; path = Base.lproj/LaunchScreen.storyboard; sourceTree = "<group>"; };
		B5391EF327496DB8000E5923 /* Info.plist */ = {isa = PBXFileReference; lastKnownFileType = text.plist.xml; path = Info.plist; sourceTree = "<group>"; };
		B5391EF827496DB8000E5923 /* BazaarTests.xctest */ = {isa = PBXFileReference; explicitFileType = wrapper.cfbundle; includeInIndex = 0; path = BazaarTests.xctest; sourceTree = BUILT_PRODUCTS_DIR; };
		B5391EFC27496DB8000E5923 /* BazaarTests.swift */ = {isa = PBXFileReference; lastKnownFileType = sourcecode.swift; path = BazaarTests.swift; sourceTree = "<group>"; };
		B5391F0227496DB8000E5923 /* BazaarUITests.xctest */ = {isa = PBXFileReference; explicitFileType = wrapper.cfbundle; includeInIndex = 0; path = BazaarUITests.xctest; sourceTree = BUILT_PRODUCTS_DIR; };
		B5391F0627496DB8000E5923 /* BazaarUITests.swift */ = {isa = PBXFileReference; lastKnownFileType = sourcecode.swift; path = BazaarUITests.swift; sourceTree = "<group>"; };
		B5391F0827496DB8000E5923 /* BazaarUITestsLaunchTests.swift */ = {isa = PBXFileReference; lastKnownFileType = sourcecode.swift; path = BazaarUITestsLaunchTests.swift; sourceTree = "<group>"; };
		C70B06C83FF7DCC8E937391E /* Pods-Bazaar-BazaarUITests.debug.xcconfig */ = {isa = PBXFileReference; includeInIndex = 1; lastKnownFileType = text.xcconfig; name = "Pods-Bazaar-BazaarUITests.debug.xcconfig"; path = "Target Support Files/Pods-Bazaar-BazaarUITests/Pods-Bazaar-BazaarUITests.debug.xcconfig"; sourceTree = "<group>"; };
		E7D0DD76936B6B3EAD227738 /* Pods_Bazaar.framework */ = {isa = PBXFileReference; explicitFileType = wrapper.framework; includeInIndex = 0; path = Pods_Bazaar.framework; sourceTree = BUILT_PRODUCTS_DIR; };
		EC94A5ECA05214CDB832AB18 /* Pods-Bazaar.debug.xcconfig */ = {isa = PBXFileReference; includeInIndex = 1; lastKnownFileType = text.xcconfig; name = "Pods-Bazaar.debug.xcconfig"; path = "Target Support Files/Pods-Bazaar/Pods-Bazaar.debug.xcconfig"; sourceTree = "<group>"; };
/* End PBXFileReference section */

/* Begin PBXFrameworksBuildPhase section */
		B5391EDF27496DB6000E5923 /* Frameworks */ = {
			isa = PBXFrameworksBuildPhase;
			buildActionMask = 2147483647;
			files = (
				C606678D9E9F1E1AF853FB0F /* Pods_Bazaar.framework in Frameworks */,
			);
			runOnlyForDeploymentPostprocessing = 0;
		};
		B5391EF527496DB8000E5923 /* Frameworks */ = {
			isa = PBXFrameworksBuildPhase;
			buildActionMask = 2147483647;
			files = (
				B6BAAD3ABD7FB8D63C34628D /* Pods_BazaarTests.framework in Frameworks */,
			);
			runOnlyForDeploymentPostprocessing = 0;
		};
		B5391EFF27496DB8000E5923 /* Frameworks */ = {
			isa = PBXFrameworksBuildPhase;
			buildActionMask = 2147483647;
			files = (
				4056F53ED5C369F682DC91B3 /* Pods_Bazaar_BazaarUITests.framework in Frameworks */,
			);
			runOnlyForDeploymentPostprocessing = 0;
		};
/* End PBXFrameworksBuildPhase section */

/* Begin PBXGroup section */
		1F91C64A02A8F308CBD83CEF /* Pods */ = {
			isa = PBXGroup;
			children = (
				EC94A5ECA05214CDB832AB18 /* Pods-Bazaar.debug.xcconfig */,
				5DD997FE4A0321EB52C95A47 /* Pods-Bazaar.release.xcconfig */,
				C70B06C83FF7DCC8E937391E /* Pods-Bazaar-BazaarUITests.debug.xcconfig */,
				870AE338435D415670DE1D3D /* Pods-Bazaar-BazaarUITests.release.xcconfig */,
				159480A0E557CB2E3B827C1D /* Pods-BazaarTests.debug.xcconfig */,
				85BA2E80B6D2036BF9974FFE /* Pods-BazaarTests.release.xcconfig */,
			);
			path = Pods;
			sourceTree = "<group>";
		};
		889FA56342546F6F69E2F8E7 /* Frameworks */ = {
			isa = PBXGroup;
			children = (
				E7D0DD76936B6B3EAD227738 /* Pods_Bazaar.framework */,
				1EB990CCDEE4B8F9B36F9BDC /* Pods_Bazaar_BazaarUITests.framework */,
				48E5D966406A14966254D3A8 /* Pods_BazaarTests.framework */,
			);
			name = Frameworks;
			sourceTree = "<group>";
		};
		B5391ED927496DB6000E5923 = {
			isa = PBXGroup;
			children = (
				B5391EE427496DB6000E5923 /* Bazaar */,
				B5391EFB27496DB8000E5923 /* BazaarTests */,
				B5391F0527496DB8000E5923 /* BazaarUITests */,
				B5391EE327496DB6000E5923 /* Products */,
				1F91C64A02A8F308CBD83CEF /* Pods */,
				889FA56342546F6F69E2F8E7 /* Frameworks */,
			);
			sourceTree = "<group>";
		};
		B5391EE327496DB6000E5923 /* Products */ = {
			isa = PBXGroup;
			children = (
				B5391EE227496DB6000E5923 /* Bazaar.app */,
				B5391EF827496DB8000E5923 /* BazaarTests.xctest */,
				B5391F0227496DB8000E5923 /* BazaarUITests.xctest */,
			);
			name = Products;
			sourceTree = "<group>";
		};
		B5391EE427496DB6000E5923 /* Bazaar */ = {
			isa = PBXGroup;
			children = (
				B5391EE527496DB6000E5923 /* AppDelegate.swift */,
				B5391EE727496DB6000E5923 /* SceneDelegate.swift */,
				B5391EE927496DB6000E5923 /* LoginViewController.swift */,
				B5391EEB27496DB6000E5923 /* Main.storyboard */,
				B5391EEE27496DB8000E5923 /* Assets.xcassets */,
				B5391EF027496DB8000E5923 /* LaunchScreen.storyboard */,
				B5391EF327496DB8000E5923 /* Info.plist */,
				6FCB2FC927599CCC0001050D /* HomeViewController.swift */,
				6FCB2FCB2759A1380001050D /* PostViewController.swift */,
				6F8EED8E2761AE6300726698 /* ProfileViewController.swift */,
				50FF39B727629F82006C338D /* HomePostCell.swift */,
				6F8EED902761B84C00726698 /* ProfileSettingViewController.swift */,
				6F8EED922762AEAC00726698 /* RegisteInfoViewController.swift */,
				6F8EED942762AFB400726698 /* RegisterPhotoViewController.swift */,
				6F8EED962762BE1400726698 /* ProfilePostViewController.swift */,
				6F8EED9A2762BEEB00726698 /* ProfilePostCell.swift */,
				6F8EED9C2763A6C400726698 /* EditPostViewController.swift */,
				50936CB6276C117B005B75B8 /* IndividualItemDetailsViewController.swift */,
			);
			path = Bazaar;
			sourceTree = "<group>";
		};
		B5391EFB27496DB8000E5923 /* BazaarTests */ = {
			isa = PBXGroup;
			children = (
				B5391EFC27496DB8000E5923 /* BazaarTests.swift */,
			);
			path = BazaarTests;
			sourceTree = "<group>";
		};
		B5391F0527496DB8000E5923 /* BazaarUITests */ = {
			isa = PBXGroup;
			children = (
				B5391F0627496DB8000E5923 /* BazaarUITests.swift */,
				B5391F0827496DB8000E5923 /* BazaarUITestsLaunchTests.swift */,
			);
			path = BazaarUITests;
			sourceTree = "<group>";
		};
/* End PBXGroup section */

/* Begin PBXNativeTarget section */
		B5391EE127496DB6000E5923 /* Bazaar */ = {
			isa = PBXNativeTarget;
			buildConfigurationList = B5391F0C27496DB8000E5923 /* Build configuration list for PBXNativeTarget "Bazaar" */;
			buildPhases = (
				67FE5426580E4313BCA09B73 /* [CP] Check Pods Manifest.lock */,
				B5391EDE27496DB6000E5923 /* Sources */,
				B5391EDF27496DB6000E5923 /* Frameworks */,
				B5391EE027496DB6000E5923 /* Resources */,
				9C9A7F3D5CFC563C7071081C /* [CP] Embed Pods Frameworks */,
			);
			buildRules = (
			);
			dependencies = (
			);
			name = Bazaar;
			productName = Bazaar;
			productReference = B5391EE227496DB6000E5923 /* Bazaar.app */;
			productType = "com.apple.product-type.application";
		};
		B5391EF727496DB8000E5923 /* BazaarTests */ = {
			isa = PBXNativeTarget;
			buildConfigurationList = B5391F0F27496DB8000E5923 /* Build configuration list for PBXNativeTarget "BazaarTests" */;
			buildPhases = (
				CB458C975E69F348DCA2226F /* [CP] Check Pods Manifest.lock */,
				B5391EF427496DB8000E5923 /* Sources */,
				B5391EF527496DB8000E5923 /* Frameworks */,
				B5391EF627496DB8000E5923 /* Resources */,
			);
			buildRules = (
			);
			dependencies = (
				B5391EFA27496DB8000E5923 /* PBXTargetDependency */,
			);
			name = BazaarTests;
			productName = BazaarTests;
			productReference = B5391EF827496DB8000E5923 /* BazaarTests.xctest */;
			productType = "com.apple.product-type.bundle.unit-test";
		};
		B5391F0127496DB8000E5923 /* BazaarUITests */ = {
			isa = PBXNativeTarget;
			buildConfigurationList = B5391F1227496DB8000E5923 /* Build configuration list for PBXNativeTarget "BazaarUITests" */;
			buildPhases = (
				26C2916D092B1CAA6FF163EC /* [CP] Check Pods Manifest.lock */,
				B5391EFE27496DB8000E5923 /* Sources */,
				B5391EFF27496DB8000E5923 /* Frameworks */,
				B5391F0027496DB8000E5923 /* Resources */,
				EBB532567D0EA8F15B3CEA6E /* [CP] Embed Pods Frameworks */,
			);
			buildRules = (
			);
			dependencies = (
				B5391F0427496DB8000E5923 /* PBXTargetDependency */,
			);
			name = BazaarUITests;
			productName = BazaarUITests;
			productReference = B5391F0227496DB8000E5923 /* BazaarUITests.xctest */;
			productType = "com.apple.product-type.bundle.ui-testing";
		};
/* End PBXNativeTarget section */

/* Begin PBXProject section */
		B5391EDA27496DB6000E5923 /* Project object */ = {
			isa = PBXProject;
			attributes = {
				BuildIndependentTargetsInParallel = 1;
				LastSwiftUpdateCheck = 1310;
				LastUpgradeCheck = 1310;
				TargetAttributes = {
					B5391EE127496DB6000E5923 = {
						CreatedOnToolsVersion = 13.1;
					};
					B5391EF727496DB8000E5923 = {
						CreatedOnToolsVersion = 13.1;
						TestTargetID = B5391EE127496DB6000E5923;
					};
					B5391F0127496DB8000E5923 = {
						CreatedOnToolsVersion = 13.1;
						TestTargetID = B5391EE127496DB6000E5923;
					};
				};
			};
			buildConfigurationList = B5391EDD27496DB6000E5923 /* Build configuration list for PBXProject "Bazaar" */;
			compatibilityVersion = "Xcode 13.0";
			developmentRegion = en;
			hasScannedForEncodings = 0;
			knownRegions = (
				en,
				Base,
			);
			mainGroup = B5391ED927496DB6000E5923;
			productRefGroup = B5391EE327496DB6000E5923 /* Products */;
			projectDirPath = "";
			projectRoot = "";
			targets = (
				B5391EE127496DB6000E5923 /* Bazaar */,
				B5391EF727496DB8000E5923 /* BazaarTests */,
				B5391F0127496DB8000E5923 /* BazaarUITests */,
			);
		};
/* End PBXProject section */

/* Begin PBXResourcesBuildPhase section */
		B5391EE027496DB6000E5923 /* Resources */ = {
			isa = PBXResourcesBuildPhase;
			buildActionMask = 2147483647;
			files = (
				B5391EF227496DB8000E5923 /* LaunchScreen.storyboard in Resources */,
				B5391EEF27496DB8000E5923 /* Assets.xcassets in Resources */,
				B5391EED27496DB6000E5923 /* Main.storyboard in Resources */,
			);
			runOnlyForDeploymentPostprocessing = 0;
		};
		B5391EF627496DB8000E5923 /* Resources */ = {
			isa = PBXResourcesBuildPhase;
			buildActionMask = 2147483647;
			files = (
			);
			runOnlyForDeploymentPostprocessing = 0;
		};
		B5391F0027496DB8000E5923 /* Resources */ = {
			isa = PBXResourcesBuildPhase;
			buildActionMask = 2147483647;
			files = (
			);
			runOnlyForDeploymentPostprocessing = 0;
		};
/* End PBXResourcesBuildPhase section */

/* Begin PBXShellScriptBuildPhase section */
		26C2916D092B1CAA6FF163EC /* [CP] Check Pods Manifest.lock */ = {
			isa = PBXShellScriptBuildPhase;
			buildActionMask = 2147483647;
			files = (
			);
			inputFileListPaths = (
			);
			inputPaths = (
				"${PODS_PODFILE_DIR_PATH}/Podfile.lock",
				"${PODS_ROOT}/Manifest.lock",
			);
			name = "[CP] Check Pods Manifest.lock";
			outputFileListPaths = (
			);
			outputPaths = (
				"$(DERIVED_FILE_DIR)/Pods-Bazaar-BazaarUITests-checkManifestLockResult.txt",
			);
			runOnlyForDeploymentPostprocessing = 0;
			shellPath = /bin/sh;
			shellScript = "diff \"${PODS_PODFILE_DIR_PATH}/Podfile.lock\" \"${PODS_ROOT}/Manifest.lock\" > /dev/null\nif [ $? != 0 ] ; then\n    # print error to STDERR\n    echo \"error: The sandbox is not in sync with the Podfile.lock. Run 'pod install' or update your CocoaPods installation.\" >&2\n    exit 1\nfi\n# This output is used by Xcode 'outputs' to avoid re-running this script phase.\necho \"SUCCESS\" > \"${SCRIPT_OUTPUT_FILE_0}\"\n";
			showEnvVarsInLog = 0;
		};
		67FE5426580E4313BCA09B73 /* [CP] Check Pods Manifest.lock */ = {
			isa = PBXShellScriptBuildPhase;
			buildActionMask = 2147483647;
			files = (
			);
			inputFileListPaths = (
			);
			inputPaths = (
				"${PODS_PODFILE_DIR_PATH}/Podfile.lock",
				"${PODS_ROOT}/Manifest.lock",
			);
			name = "[CP] Check Pods Manifest.lock";
			outputFileListPaths = (
			);
			outputPaths = (
				"$(DERIVED_FILE_DIR)/Pods-Bazaar-checkManifestLockResult.txt",
			);
			runOnlyForDeploymentPostprocessing = 0;
			shellPath = /bin/sh;
			shellScript = "diff \"${PODS_PODFILE_DIR_PATH}/Podfile.lock\" \"${PODS_ROOT}/Manifest.lock\" > /dev/null\nif [ $? != 0 ] ; then\n    # print error to STDERR\n    echo \"error: The sandbox is not in sync with the Podfile.lock. Run 'pod install' or update your CocoaPods installation.\" >&2\n    exit 1\nfi\n# This output is used by Xcode 'outputs' to avoid re-running this script phase.\necho \"SUCCESS\" > \"${SCRIPT_OUTPUT_FILE_0}\"\n";
			showEnvVarsInLog = 0;
		};
		9C9A7F3D5CFC563C7071081C /* [CP] Embed Pods Frameworks */ = {
			isa = PBXShellScriptBuildPhase;
			buildActionMask = 2147483647;
			files = (
			);
			inputFileListPaths = (
				"${PODS_ROOT}/Target Support Files/Pods-Bazaar/Pods-Bazaar-frameworks-${CONFIGURATION}-input-files.xcfilelist",
			);
			name = "[CP] Embed Pods Frameworks";
			outputFileListPaths = (
				"${PODS_ROOT}/Target Support Files/Pods-Bazaar/Pods-Bazaar-frameworks-${CONFIGURATION}-output-files.xcfilelist",
			);
			runOnlyForDeploymentPostprocessing = 0;
			shellPath = /bin/sh;
			shellScript = "\"${PODS_ROOT}/Target Support Files/Pods-Bazaar/Pods-Bazaar-frameworks.sh\"\n";
			showEnvVarsInLog = 0;
		};
		CB458C975E69F348DCA2226F /* [CP] Check Pods Manifest.lock */ = {
			isa = PBXShellScriptBuildPhase;
			buildActionMask = 2147483647;
			files = (
			);
			inputFileListPaths = (
			);
			inputPaths = (
				"${PODS_PODFILE_DIR_PATH}/Podfile.lock",
				"${PODS_ROOT}/Manifest.lock",
			);
			name = "[CP] Check Pods Manifest.lock";
			outputFileListPaths = (
			);
			outputPaths = (
				"$(DERIVED_FILE_DIR)/Pods-BazaarTests-checkManifestLockResult.txt",
			);
			runOnlyForDeploymentPostprocessing = 0;
			shellPath = /bin/sh;
			shellScript = "diff \"${PODS_PODFILE_DIR_PATH}/Podfile.lock\" \"${PODS_ROOT}/Manifest.lock\" > /dev/null\nif [ $? != 0 ] ; then\n    # print error to STDERR\n    echo \"error: The sandbox is not in sync with the Podfile.lock. Run 'pod install' or update your CocoaPods installation.\" >&2\n    exit 1\nfi\n# This output is used by Xcode 'outputs' to avoid re-running this script phase.\necho \"SUCCESS\" > \"${SCRIPT_OUTPUT_FILE_0}\"\n";
			showEnvVarsInLog = 0;
		};
		EBB532567D0EA8F15B3CEA6E /* [CP] Embed Pods Frameworks */ = {
			isa = PBXShellScriptBuildPhase;
			buildActionMask = 2147483647;
			files = (
			);
			inputFileListPaths = (
				"${PODS_ROOT}/Target Support Files/Pods-Bazaar-BazaarUITests/Pods-Bazaar-BazaarUITests-frameworks-${CONFIGURATION}-input-files.xcfilelist",
			);
			name = "[CP] Embed Pods Frameworks";
			outputFileListPaths = (
				"${PODS_ROOT}/Target Support Files/Pods-Bazaar-BazaarUITests/Pods-Bazaar-BazaarUITests-frameworks-${CONFIGURATION}-output-files.xcfilelist",
			);
			runOnlyForDeploymentPostprocessing = 0;
			shellPath = /bin/sh;
			shellScript = "\"${PODS_ROOT}/Target Support Files/Pods-Bazaar-BazaarUITests/Pods-Bazaar-BazaarUITests-frameworks.sh\"\n";
			showEnvVarsInLog = 0;
		};
/* End PBXShellScriptBuildPhase section */

/* Begin PBXSourcesBuildPhase section */
		B5391EDE27496DB6000E5923 /* Sources */ = {
			isa = PBXSourcesBuildPhase;
			buildActionMask = 2147483647;
			files = (
				6F8EED932762AEAC00726698 /* RegisteInfoViewController.swift in Sources */,
				6F8EED8F2761AE6300726698 /* ProfileViewController.swift in Sources */,
				B5391EEA27496DB6000E5923 /* LoginViewController.swift in Sources */,
				B5391EE627496DB6000E5923 /* AppDelegate.swift in Sources */,
				6F8EED9B2762BEEB00726698 /* ProfilePostCell.swift in Sources */,
				6F8EED972762BE1400726698 /* ProfilePostViewController.swift in Sources */,
				50FF39B827629F82006C338D /* HomePostCell.swift in Sources */,
				50936CB7276C117B005B75B8 /* IndividualItemDetailsViewController.swift in Sources */,
				6F8EED952762AFB400726698 /* RegisterPhotoViewController.swift in Sources */,
				B5391EE827496DB6000E5923 /* SceneDelegate.swift in Sources */,
				6FCB2FCA27599CCC0001050D /* HomeViewController.swift in Sources */,
				6FCB2FCC2759A1380001050D /* PostViewController.swift in Sources */,
				6F8EED9D2763A6C400726698 /* EditPostViewController.swift in Sources */,
				6F8EED912761B84C00726698 /* ProfileSettingViewController.swift in Sources */,
			);
			runOnlyForDeploymentPostprocessing = 0;
		};
		B5391EF427496DB8000E5923 /* Sources */ = {
			isa = PBXSourcesBuildPhase;
			buildActionMask = 2147483647;
			files = (
				B5391EFD27496DB8000E5923 /* BazaarTests.swift in Sources */,
			);
			runOnlyForDeploymentPostprocessing = 0;
		};
		B5391EFE27496DB8000E5923 /* Sources */ = {
			isa = PBXSourcesBuildPhase;
			buildActionMask = 2147483647;
			files = (
				B5391F0727496DB8000E5923 /* BazaarUITests.swift in Sources */,
				B5391F0927496DB8000E5923 /* BazaarUITestsLaunchTests.swift in Sources */,
			);
			runOnlyForDeploymentPostprocessing = 0;
		};
/* End PBXSourcesBuildPhase section */

/* Begin PBXTargetDependency section */
		B5391EFA27496DB8000E5923 /* PBXTargetDependency */ = {
			isa = PBXTargetDependency;
			target = B5391EE127496DB6000E5923 /* Bazaar */;
			targetProxy = B5391EF927496DB8000E5923 /* PBXContainerItemProxy */;
		};
		B5391F0427496DB8000E5923 /* PBXTargetDependency */ = {
			isa = PBXTargetDependency;
			target = B5391EE127496DB6000E5923 /* Bazaar */;
			targetProxy = B5391F0327496DB8000E5923 /* PBXContainerItemProxy */;
		};
/* End PBXTargetDependency section */

/* Begin PBXVariantGroup section */
		B5391EEB27496DB6000E5923 /* Main.storyboard */ = {
			isa = PBXVariantGroup;
			children = (
				B5391EEC27496DB6000E5923 /* Base */,
			);
			name = Main.storyboard;
			sourceTree = "<group>";
		};
		B5391EF027496DB8000E5923 /* LaunchScreen.storyboard */ = {
			isa = PBXVariantGroup;
			children = (
				B5391EF127496DB8000E5923 /* Base */,
			);
			name = LaunchScreen.storyboard;
			sourceTree = "<group>";
		};
/* End PBXVariantGroup section */

/* Begin XCBuildConfiguration section */
		B5391F0A27496DB8000E5923 /* Debug */ = {
			isa = XCBuildConfiguration;
			buildSettings = {
				ALWAYS_SEARCH_USER_PATHS = NO;
				CLANG_ANALYZER_NONNULL = YES;
				CLANG_ANALYZER_NUMBER_OBJECT_CONVERSION = YES_AGGRESSIVE;
				CLANG_CXX_LANGUAGE_STANDARD = "gnu++17";
				CLANG_CXX_LIBRARY = "libc++";
				CLANG_ENABLE_MODULES = YES;
				CLANG_ENABLE_OBJC_ARC = YES;
				CLANG_ENABLE_OBJC_WEAK = YES;
				CLANG_WARN_BLOCK_CAPTURE_AUTORELEASING = YES;
				CLANG_WARN_BOOL_CONVERSION = YES;
				CLANG_WARN_COMMA = YES;
				CLANG_WARN_CONSTANT_CONVERSION = YES;
				CLANG_WARN_DEPRECATED_OBJC_IMPLEMENTATIONS = YES;
				CLANG_WARN_DIRECT_OBJC_ISA_USAGE = YES_ERROR;
				CLANG_WARN_DOCUMENTATION_COMMENTS = YES;
				CLANG_WARN_EMPTY_BODY = YES;
				CLANG_WARN_ENUM_CONVERSION = YES;
				CLANG_WARN_INFINITE_RECURSION = YES;
				CLANG_WARN_INT_CONVERSION = YES;
				CLANG_WARN_NON_LITERAL_NULL_CONVERSION = YES;
				CLANG_WARN_OBJC_IMPLICIT_RETAIN_SELF = YES;
				CLANG_WARN_OBJC_LITERAL_CONVERSION = YES;
				CLANG_WARN_OBJC_ROOT_CLASS = YES_ERROR;
				CLANG_WARN_QUOTED_INCLUDE_IN_FRAMEWORK_HEADER = YES;
				CLANG_WARN_RANGE_LOOP_ANALYSIS = YES;
				CLANG_WARN_STRICT_PROTOTYPES = YES;
				CLANG_WARN_SUSPICIOUS_MOVE = YES;
				CLANG_WARN_UNGUARDED_AVAILABILITY = YES_AGGRESSIVE;
				CLANG_WARN_UNREACHABLE_CODE = YES;
				CLANG_WARN__DUPLICATE_METHOD_MATCH = YES;
				COPY_PHASE_STRIP = NO;
				DEBUG_INFORMATION_FORMAT = dwarf;
				ENABLE_STRICT_OBJC_MSGSEND = YES;
				ENABLE_TESTABILITY = YES;
				GCC_C_LANGUAGE_STANDARD = gnu11;
				GCC_DYNAMIC_NO_PIC = NO;
				GCC_NO_COMMON_BLOCKS = YES;
				GCC_OPTIMIZATION_LEVEL = 0;
				GCC_PREPROCESSOR_DEFINITIONS = (
					"DEBUG=1",
					"$(inherited)",
				);
				GCC_WARN_64_TO_32_BIT_CONVERSION = YES;
				GCC_WARN_ABOUT_RETURN_TYPE = YES_ERROR;
				GCC_WARN_UNDECLARED_SELECTOR = YES;
				GCC_WARN_UNINITIALIZED_AUTOS = YES_AGGRESSIVE;
				GCC_WARN_UNUSED_FUNCTION = YES;
				GCC_WARN_UNUSED_VARIABLE = YES;
				IPHONEOS_DEPLOYMENT_TARGET = 15.0;
				MTL_ENABLE_DEBUG_INFO = INCLUDE_SOURCE;
				MTL_FAST_MATH = YES;
				ONLY_ACTIVE_ARCH = YES;
				SDKROOT = iphoneos;
				SWIFT_ACTIVE_COMPILATION_CONDITIONS = DEBUG;
				SWIFT_OPTIMIZATION_LEVEL = "-Onone";
			};
			name = Debug;
		};
		B5391F0B27496DB8000E5923 /* Release */ = {
			isa = XCBuildConfiguration;
			buildSettings = {
				ALWAYS_SEARCH_USER_PATHS = NO;
				CLANG_ANALYZER_NONNULL = YES;
				CLANG_ANALYZER_NUMBER_OBJECT_CONVERSION = YES_AGGRESSIVE;
				CLANG_CXX_LANGUAGE_STANDARD = "gnu++17";
				CLANG_CXX_LIBRARY = "libc++";
				CLANG_ENABLE_MODULES = YES;
				CLANG_ENABLE_OBJC_ARC = YES;
				CLANG_ENABLE_OBJC_WEAK = YES;
				CLANG_WARN_BLOCK_CAPTURE_AUTORELEASING = YES;
				CLANG_WARN_BOOL_CONVERSION = YES;
				CLANG_WARN_COMMA = YES;
				CLANG_WARN_CONSTANT_CONVERSION = YES;
				CLANG_WARN_DEPRECATED_OBJC_IMPLEMENTATIONS = YES;
				CLANG_WARN_DIRECT_OBJC_ISA_USAGE = YES_ERROR;
				CLANG_WARN_DOCUMENTATION_COMMENTS = YES;
				CLANG_WARN_EMPTY_BODY = YES;
				CLANG_WARN_ENUM_CONVERSION = YES;
				CLANG_WARN_INFINITE_RECURSION = YES;
				CLANG_WARN_INT_CONVERSION = YES;
				CLANG_WARN_NON_LITERAL_NULL_CONVERSION = YES;
				CLANG_WARN_OBJC_IMPLICIT_RETAIN_SELF = YES;
				CLANG_WARN_OBJC_LITERAL_CONVERSION = YES;
				CLANG_WARN_OBJC_ROOT_CLASS = YES_ERROR;
				CLANG_WARN_QUOTED_INCLUDE_IN_FRAMEWORK_HEADER = YES;
				CLANG_WARN_RANGE_LOOP_ANALYSIS = YES;
				CLANG_WARN_STRICT_PROTOTYPES = YES;
				CLANG_WARN_SUSPICIOUS_MOVE = YES;
				CLANG_WARN_UNGUARDED_AVAILABILITY = YES_AGGRESSIVE;
				CLANG_WARN_UNREACHABLE_CODE = YES;
				CLANG_WARN__DUPLICATE_METHOD_MATCH = YES;
				COPY_PHASE_STRIP = NO;
				DEBUG_INFORMATION_FORMAT = "dwarf-with-dsym";
				ENABLE_NS_ASSERTIONS = NO;
				ENABLE_STRICT_OBJC_MSGSEND = YES;
				GCC_C_LANGUAGE_STANDARD = gnu11;
				GCC_NO_COMMON_BLOCKS = YES;
				GCC_WARN_64_TO_32_BIT_CONVERSION = YES;
				GCC_WARN_ABOUT_RETURN_TYPE = YES_ERROR;
				GCC_WARN_UNDECLARED_SELECTOR = YES;
				GCC_WARN_UNINITIALIZED_AUTOS = YES_AGGRESSIVE;
				GCC_WARN_UNUSED_FUNCTION = YES;
				GCC_WARN_UNUSED_VARIABLE = YES;
				IPHONEOS_DEPLOYMENT_TARGET = 15.0;
				MTL_ENABLE_DEBUG_INFO = NO;
				MTL_FAST_MATH = YES;
				SDKROOT = iphoneos;
				SWIFT_COMPILATION_MODE = wholemodule;
				SWIFT_OPTIMIZATION_LEVEL = "-O";
				VALIDATE_PRODUCT = YES;
			};
			name = Release;
		};
		B5391F0D27496DB8000E5923 /* Debug */ = {
			isa = XCBuildConfiguration;
			baseConfigurationReference = EC94A5ECA05214CDB832AB18 /* Pods-Bazaar.debug.xcconfig */;
			buildSettings = {
				ASSETCATALOG_COMPILER_APPICON_NAME = AppIcon;
				ASSETCATALOG_COMPILER_GLOBAL_ACCENT_COLOR_NAME = AccentColor;
				CODE_SIGN_STYLE = Automatic;
				CURRENT_PROJECT_VERSION = 1;
				DEVELOPMENT_TEAM = 45PEG3X873;
				GENERATE_INFOPLIST_FILE = YES;
				INFOPLIST_FILE = Bazaar/Info.plist;
				INFOPLIST_KEY_UIApplicationSupportsIndirectInputEvents = YES;
				INFOPLIST_KEY_UILaunchStoryboardName = LaunchScreen;
				INFOPLIST_KEY_UIMainStoryboardFile = Main;
				INFOPLIST_KEY_UISupportedInterfaceOrientations_iPad = "UIInterfaceOrientationPortrait UIInterfaceOrientationPortraitUpsideDown UIInterfaceOrientationLandscapeLeft UIInterfaceOrientationLandscapeRight";
				INFOPLIST_KEY_UISupportedInterfaceOrientations_iPhone = "UIInterfaceOrientationPortrait UIInterfaceOrientationLandscapeLeft UIInterfaceOrientationLandscapeRight";
				LD_RUNPATH_SEARCH_PATHS = (
					"$(inherited)",
					"@executable_path/Frameworks",
				);
				MARKETING_VERSION = 1.0;
				PRODUCT_BUNDLE_IDENTIFIER = com.hps.Bazaar;
				PRODUCT_NAME = "$(TARGET_NAME)";
				SWIFT_EMIT_LOC_STRINGS = YES;
				SWIFT_VERSION = 5.0;
				TARGETED_DEVICE_FAMILY = "1,2";
			};
			name = Debug;
		};
		B5391F0E27496DB8000E5923 /* Release */ = {
			isa = XCBuildConfiguration;
			baseConfigurationReference = 5DD997FE4A0321EB52C95A47 /* Pods-Bazaar.release.xcconfig */;
			buildSettings = {
				ASSETCATALOG_COMPILER_APPICON_NAME = AppIcon;
				ASSETCATALOG_COMPILER_GLOBAL_ACCENT_COLOR_NAME = AccentColor;
				CODE_SIGN_STYLE = Automatic;
				CURRENT_PROJECT_VERSION = 1;
				DEVELOPMENT_TEAM = 45PEG3X873;
				GENERATE_INFOPLIST_FILE = YES;
				INFOPLIST_FILE = Bazaar/Info.plist;
				INFOPLIST_KEY_UIApplicationSupportsIndirectInputEvents = YES;
				INFOPLIST_KEY_UILaunchStoryboardName = LaunchScreen;
				INFOPLIST_KEY_UIMainStoryboardFile = Main;
				INFOPLIST_KEY_UISupportedInterfaceOrientations_iPad = "UIInterfaceOrientationPortrait UIInterfaceOrientationPortraitUpsideDown UIInterfaceOrientationLandscapeLeft UIInterfaceOrientationLandscapeRight";
				INFOPLIST_KEY_UISupportedInterfaceOrientations_iPhone = "UIInterfaceOrientationPortrait UIInterfaceOrientationLandscapeLeft UIInterfaceOrientationLandscapeRight";
				LD_RUNPATH_SEARCH_PATHS = (
					"$(inherited)",
					"@executable_path/Frameworks",
				);
				MARKETING_VERSION = 1.0;
				PRODUCT_BUNDLE_IDENTIFIER = com.hps.Bazaar;
				PRODUCT_NAME = "$(TARGET_NAME)";
				SWIFT_EMIT_LOC_STRINGS = YES;
				SWIFT_VERSION = 5.0;
				TARGETED_DEVICE_FAMILY = "1,2";
			};
			name = Release;
		};
		B5391F1027496DB8000E5923 /* Debug */ = {
			isa = XCBuildConfiguration;
			baseConfigurationReference = 159480A0E557CB2E3B827C1D /* Pods-BazaarTests.debug.xcconfig */;
			buildSettings = {
				ALWAYS_EMBED_SWIFT_STANDARD_LIBRARIES = YES;
				BUNDLE_LOADER = "$(TEST_HOST)";
				CODE_SIGN_STYLE = Automatic;
				CURRENT_PROJECT_VERSION = 1;
				DEVELOPMENT_TEAM = 45PEG3X873;
				GENERATE_INFOPLIST_FILE = YES;
				IPHONEOS_DEPLOYMENT_TARGET = 15.0;
				LD_RUNPATH_SEARCH_PATHS = (
					"$(inherited)",
					"@executable_path/Frameworks",
					"@loader_path/Frameworks",
				);
				MARKETING_VERSION = 1.0;
				PRODUCT_BUNDLE_IDENTIFIER = com.hps.BazaarTests;
				PRODUCT_NAME = "$(TARGET_NAME)";
				SWIFT_EMIT_LOC_STRINGS = NO;
				SWIFT_VERSION = 5.0;
				TARGETED_DEVICE_FAMILY = "1,2";
				TEST_HOST = "$(BUILT_PRODUCTS_DIR)/Bazaar.app/Bazaar";
			};
			name = Debug;
		};
		B5391F1127496DB8000E5923 /* Release */ = {
			isa = XCBuildConfiguration;
			baseConfigurationReference = 85BA2E80B6D2036BF9974FFE /* Pods-BazaarTests.release.xcconfig */;
			buildSettings = {
				ALWAYS_EMBED_SWIFT_STANDARD_LIBRARIES = YES;
				BUNDLE_LOADER = "$(TEST_HOST)";
				CODE_SIGN_STYLE = Automatic;
				CURRENT_PROJECT_VERSION = 1;
				DEVELOPMENT_TEAM = 45PEG3X873;
				GENERATE_INFOPLIST_FILE = YES;
				IPHONEOS_DEPLOYMENT_TARGET = 15.0;
				LD_RUNPATH_SEARCH_PATHS = (
					"$(inherited)",
					"@executable_path/Frameworks",
					"@loader_path/Frameworks",
				);
				MARKETING_VERSION = 1.0;
				PRODUCT_BUNDLE_IDENTIFIER = com.hps.BazaarTests;
				PRODUCT_NAME = "$(TARGET_NAME)";
				SWIFT_EMIT_LOC_STRINGS = NO;
				SWIFT_VERSION = 5.0;
				TARGETED_DEVICE_FAMILY = "1,2";
				TEST_HOST = "$(BUILT_PRODUCTS_DIR)/Bazaar.app/Bazaar";
			};
			name = Release;
		};
		B5391F1327496DB8000E5923 /* Debug */ = {
			isa = XCBuildConfiguration;
			baseConfigurationReference = C70B06C83FF7DCC8E937391E /* Pods-Bazaar-BazaarUITests.debug.xcconfig */;
			buildSettings = {
				ALWAYS_EMBED_SWIFT_STANDARD_LIBRARIES = YES;
				CODE_SIGN_STYLE = Automatic;
				CURRENT_PROJECT_VERSION = 1;
				DEVELOPMENT_TEAM = 45PEG3X873;
				GENERATE_INFOPLIST_FILE = YES;
				LD_RUNPATH_SEARCH_PATHS = (
					"$(inherited)",
					"@executable_path/Frameworks",
					"@loader_path/Frameworks",
				);
				MARKETING_VERSION = 1.0;
				PRODUCT_BUNDLE_IDENTIFIER = com.hps.BazaarUITests;
				PRODUCT_NAME = "$(TARGET_NAME)";
				SWIFT_EMIT_LOC_STRINGS = NO;
				SWIFT_VERSION = 5.0;
				TARGETED_DEVICE_FAMILY = "1,2";
				TEST_TARGET_NAME = Bazaar;
			};
			name = Debug;
		};
		B5391F1427496DB8000E5923 /* Release */ = {
			isa = XCBuildConfiguration;
			baseConfigurationReference = 870AE338435D415670DE1D3D /* Pods-Bazaar-BazaarUITests.release.xcconfig */;
			buildSettings = {
				ALWAYS_EMBED_SWIFT_STANDARD_LIBRARIES = YES;
				CODE_SIGN_STYLE = Automatic;
				CURRENT_PROJECT_VERSION = 1;
				DEVELOPMENT_TEAM = 45PEG3X873;
				GENERATE_INFOPLIST_FILE = YES;
				LD_RUNPATH_SEARCH_PATHS = (
					"$(inherited)",
					"@executable_path/Frameworks",
					"@loader_path/Frameworks",
				);
				MARKETING_VERSION = 1.0;
				PRODUCT_BUNDLE_IDENTIFIER = com.hps.BazaarUITests;
				PRODUCT_NAME = "$(TARGET_NAME)";
				SWIFT_EMIT_LOC_STRINGS = NO;
				SWIFT_VERSION = 5.0;
				TARGETED_DEVICE_FAMILY = "1,2";
				TEST_TARGET_NAME = Bazaar;
			};
			name = Release;
		};
/* End XCBuildConfiguration section */

/* Begin XCConfigurationList section */
		B5391EDD27496DB6000E5923 /* Build configuration list for PBXProject "Bazaar" */ = {
			isa = XCConfigurationList;
			buildConfigurations = (
				B5391F0A27496DB8000E5923 /* Debug */,
				B5391F0B27496DB8000E5923 /* Release */,
			);
			defaultConfigurationIsVisible = 0;
			defaultConfigurationName = Release;
		};
		B5391F0C27496DB8000E5923 /* Build configuration list for PBXNativeTarget "Bazaar" */ = {
			isa = XCConfigurationList;
			buildConfigurations = (
				B5391F0D27496DB8000E5923 /* Debug */,
				B5391F0E27496DB8000E5923 /* Release */,
			);
			defaultConfigurationIsVisible = 0;
			defaultConfigurationName = Release;
		};
		B5391F0F27496DB8000E5923 /* Build configuration list for PBXNativeTarget "BazaarTests" */ = {
			isa = XCConfigurationList;
			buildConfigurations = (
				B5391F1027496DB8000E5923 /* Debug */,
				B5391F1127496DB8000E5923 /* Release */,
			);
			defaultConfigurationIsVisible = 0;
			defaultConfigurationName = Release;
		};
		B5391F1227496DB8000E5923 /* Build configuration list for PBXNativeTarget "BazaarUITests" */ = {
			isa = XCConfigurationList;
			buildConfigurations = (
				B5391F1327496DB8000E5923 /* Debug */,
				B5391F1427496DB8000E5923 /* Release */,
			);
			defaultConfigurationIsVisible = 0;
			defaultConfigurationName = Release;
		};
/* End XCConfigurationList section */
	};
	rootObject = B5391EDA27496DB6000E5923 /* Project object */;
}
